
Microsoft Visual Studio Solution File, Format Version 12.00
# Visual Studio Version 17
VisualStudioVersion = 17.6.33829.357
MinimumVisualStudioVersion = 10.0.40219.1
Project("{FAE04EC0-301F-11D3-BF4B-00C04F79EFBC}") = "LedgerApp", "LedgerApp\LedgerApp.csproj", "{533AF6E1-61AB-4C10-A695-F071096BC667}"
EndProject
Project("{FAE04EC0-301F-11D3-BF4B-00C04F79EFBC}") = "Data", "Data\Data.csproj", "{EF89AA7C-9BF7-4AFE-A832-9BCE9622FB97}"
EndProject
Project("{FAE04EC0-301F-11D3-BF4B-00C04F79EFBC}") = "Core", "Shared\Core.csproj", "{FD0EB38D-7C72-4615-B392-0F93613E051A}"
EndProject
Global
	GlobalSection(SolutionConfigurationPlatforms) = preSolution
		Debug|Any CPU = Debug|Any CPU
		Release|Any CPU = Release|Any CPU
	EndGlobalSection
	GlobalSection(ProjectConfigurationPlatforms) = postSolution
		{533AF6E1-61AB-4C10-A695-F071096BC667}.Debug|Any CPU.ActiveCfg = Debug|Any CPU
		{533AF6E1-61AB-4C10-A695-F071096BC667}.Debug|Any CPU.Build.0 = Debug|Any CPU
		{533AF6E1-61AB-4C10-A695-F071096BC667}.Release|Any CPU.ActiveCfg = Release|Any CPU
		{533AF6E1-61AB-4C10-A695-F071096BC667}.Release|Any CPU.Build.0 = Release|Any CPU
		{EF89AA7C-9BF7-4AFE-A832-9BCE9622FB97}.Debug|Any CPU.ActiveCfg = Debug|Any CPU
		{EF89AA7C-9BF7-4AFE-A832-9BCE9622FB97}.Debug|Any CPU.Build.0 = Debug|Any CPU
		{EF89AA7C-9BF7-4AFE-A832-9BCE9622FB97}.Release|Any CPU.ActiveCfg = Release|Any CPU
		{EF89AA7C-9BF7-4AFE-A832-9BCE9622FB97}.Release|Any CPU.Build.0 = Release|Any CPU
		{FD0EB38D-7C72-4615-B392-0F93613E051A}.Debug|Any CPU.ActiveCfg = Debug|Any CPU
		{FD0EB38D-7C72-4615-B392-0F93613E051A}.Debug|Any CPU.Build.0 = Debug|Any CPU
		{FD0EB38D-7C72-4615-B392-0F93613E051A}.Release|Any CPU.ActiveCfg = Release|Any CPU
		{FD0EB38D-7C72-4615-B392-0F93613E051A}.Release|Any CPU.Build.0 = Release|Any CPU
	EndGlobalSection
	GlobalSection(SolutionProperties) = preSolution
		HideSolutionNode = FALSE
	EndGlobalSection
	GlobalSection(ExtensibilityGlobals) = postSolution
		SolutionGuid = {2D821082-4F8C-4C66-92FC-857A5D934E7B}
	EndGlobalSection
EndGlobal
